
Microsoft Visual Studio Solution File, Format Version 12.00
# Visual Studio Version 16
VisualStudioVersion = 16.0.31624.102
MinimumVisualStudioVersion = 10.0.40219.1
Project("{FAE04EC0-301F-11D3-BF4B-00C04F79EFBC}") = "HW3", "HW3\HW3.csproj", "{3C35A9AB-B4A1-43F4-BF91-9865DFF62B4E}"
EndProject
Global
	GlobalSection(SolutionConfigurationPlatforms) = preSolution
		Debug|Any CPU = Debug|Any CPU
		Release|Any CPU = Release|Any CPU
	EndGlobalSection
	GlobalSection(ProjectConfigurationPlatforms) = postSolution
		{3C35A9AB-B4A1-43F4-BF91-9865DFF62B4E}.Debug|Any CPU.ActiveCfg = Debug|Any CPU
		{3C35A9AB-B4A1-43F4-BF91-9865DFF62B4E}.Debug|Any CPU.Build.0 = Debug|Any CPU
		{3C35A9AB-B4A1-43F4-BF91-9865DFF62B4E}.Release|Any CPU.ActiveCfg = Release|Any CPU
		{3C35A9AB-B4A1-43F4-BF91-9865DFF62B4E}.Release|Any CPU.Build.0 = Release|Any CPU
	EndGlobalSection
	GlobalSection(SolutionProperties) = preSolution
		HideSolutionNode = FALSE
	EndGlobalSection
	GlobalSection(ExtensibilityGlobals) = postSolution
		SolutionGuid = {7F9C8000-9545-48F7-907C-94648EA2BF51}
	EndGlobalSection
EndGlobal
